
Microsoft Visual Studio Solution File, Format Version 12.00
# Visual Studio Version 16
VisualStudioVersion = 16.0.31129.286
MinimumVisualStudioVersion = 10.0.40219.1
Project("{FAE04EC0-301F-11D3-BF4B-00C04F79EFBC}") = "MQTTToMongoDB", "MQTTToMongoDB\MQTTToMongoDB.csproj", "{2E2955F8-8531-4973-9362-8036A5CD7D7D}"
EndProject
Global
	GlobalSection(SolutionConfigurationPlatforms) = preSolution
		Debug|Any CPU = Debug|Any CPU
		Release|Any CPU = Release|Any CPU
	EndGlobalSection
	GlobalSection(ProjectConfigurationPlatforms) = postSolution
		{2E2955F8-8531-4973-9362-8036A5CD7D7D}.Debug|Any CPU.ActiveCfg = Debug|Any CPU
		{2E2955F8-8531-4973-9362-8036A5CD7D7D}.Debug|Any CPU.Build.0 = Debug|Any CPU
		{2E2955F8-8531-4973-9362-8036A5CD7D7D}.Release|Any CPU.ActiveCfg = Release|Any CPU
		{2E2955F8-8531-4973-9362-8036A5CD7D7D}.Release|Any CPU.Build.0 = Release|Any CPU
	EndGlobalSection
	GlobalSection(SolutionProperties) = preSolution
		HideSolutionNode = FALSE
	EndGlobalSection
	GlobalSection(ExtensibilityGlobals) = postSolution
		SolutionGuid = {0A894E48-1A07-4346-B295-E21CA62C2BF0}
	EndGlobalSection
EndGlobal
